
Microsoft Visual Studio Solution File, Format Version 12.00
# Visual Studio Version 16
VisualStudioVersion = 16.0.30804.86
MinimumVisualStudioVersion = 10.0.40219.1
Project("{9A19103F-16F7-4668-BE54-9A1E7A4F7556}") = "DataAccess", "DataAccess\DataAccess.csproj", "{3239968B-46FE-4E24-8D23-C4CEDACFCE50}"
EndProject
Project("{9A19103F-16F7-4668-BE54-9A1E7A4F7556}") = "Business", "Business\Business.csproj", "{A9A52AF1-37CE-4F07-8987-360066BD6A65}"
EndProject
Project("{9A19103F-16F7-4668-BE54-9A1E7A4F7556}") = "Entities", "Entities\Entities.csproj", "{09758138-29AF-4694-94B6-7AF2A29C9DCA}"
EndProject
Project("{9A19103F-16F7-4668-BE54-9A1E7A4F7556}") = "ConsoleUI", "ConsoleUI\ConsoleUI.csproj", "{7DCE277D-BFEC-4A26-BFC8-113D18F76A05}"
EndProject
Project("{FAE04EC0-301F-11D3-BF4B-00C04F79EFBC}") = "Core", "Core\Core.csproj", "{EC46C16E-B82B-4023-B725-88B168DA2C7D}"
EndProject
Global
	GlobalSection(SolutionConfigurationPlatforms) = preSolution
		Debug|Any CPU = Debug|Any CPU
		Release|Any CPU = Release|Any CPU
	EndGlobalSection
	GlobalSection(ProjectConfigurationPlatforms) = postSolution
		{3239968B-46FE-4E24-8D23-C4CEDACFCE50}.Debug|Any CPU.ActiveCfg = Debug|Any CPU
		{3239968B-46FE-4E24-8D23-C4CEDACFCE50}.Debug|Any CPU.Build.0 = Debug|Any CPU
		{3239968B-46FE-4E24-8D23-C4CEDACFCE50}.Release|Any CPU.ActiveCfg = Release|Any CPU
		{3239968B-46FE-4E24-8D23-C4CEDACFCE50}.Release|Any CPU.Build.0 = Release|Any CPU
		{A9A52AF1-37CE-4F07-8987-360066BD6A65}.Debug|Any CPU.ActiveCfg = Debug|Any CPU
		{A9A52AF1-37CE-4F07-8987-360066BD6A65}.Debug|Any CPU.Build.0 = Debug|Any CPU
		{A9A52AF1-37CE-4F07-8987-360066BD6A65}.Release|Any CPU.ActiveCfg = Release|Any CPU
		{A9A52AF1-37CE-4F07-8987-360066BD6A65}.Release|Any CPU.Build.0 = Release|Any CPU
		{09758138-29AF-4694-94B6-7AF2A29C9DCA}.Debug|Any CPU.ActiveCfg = Debug|Any CPU
		{09758138-29AF-4694-94B6-7AF2A29C9DCA}.Debug|Any CPU.Build.0 = Debug|Any CPU
		{09758138-29AF-4694-94B6-7AF2A29C9DCA}.Release|Any CPU.ActiveCfg = Release|Any CPU
		{09758138-29AF-4694-94B6-7AF2A29C9DCA}.Release|Any CPU.Build.0 = Release|Any CPU
		{7DCE277D-BFEC-4A26-BFC8-113D18F76A05}.Debug|Any CPU.ActiveCfg = Debug|Any CPU
		{7DCE277D-BFEC-4A26-BFC8-113D18F76A05}.Debug|Any CPU.Build.0 = Debug|Any CPU
		{7DCE277D-BFEC-4A26-BFC8-113D18F76A05}.Release|Any CPU.ActiveCfg = Release|Any CPU
		{7DCE277D-BFEC-4A26-BFC8-113D18F76A05}.Release|Any CPU.Build.0 = Release|Any CPU
		{EC46C16E-B82B-4023-B725-88B168DA2C7D}.Debug|Any CPU.ActiveCfg = Debug|Any CPU
		{EC46C16E-B82B-4023-B725-88B168DA2C7D}.Debug|Any CPU.Build.0 = Debug|Any CPU
		{EC46C16E-B82B-4023-B725-88B168DA2C7D}.Release|Any CPU.ActiveCfg = Release|Any CPU
		{EC46C16E-B82B-4023-B725-88B168DA2C7D}.Release|Any CPU.Build.0 = Release|Any CPU
	EndGlobalSection
	GlobalSection(SolutionProperties) = preSolution
		HideSolutionNode = FALSE
	EndGlobalSection
	GlobalSection(ExtensibilityGlobals) = postSolution
		SolutionGuid = {EDB10C0F-8D4B-4335-A306-F8B0F202CBCC}
	EndGlobalSection
EndGlobal
